
Microsoft Visual Studio Solution File, Format Version 12.00
# Visual Studio 14
VisualStudioVersion = 14.0.25420.1
MinimumVisualStudioVersion = 10.0.40219.1
Project("{2150E333-8FDC-42A3-9474-1A3956D46DE8}") = "General", "General", "{352614E1-94EF-4746-8208-E75559E337C3}"
	ProjectSection(SolutionItems) = preProject
		General\AssemblyInfoHeader.cs = General\AssemblyInfoHeader.cs
		General\ClimbingCompetition.snk = General\ClimbingCompetition.snk
	EndProjectSection
EndProject
Project("{2150E333-8FDC-42A3-9474-1A3956D46DE8}") = "Common", "Common", "{CF046A1A-2698-4A4E-B47D-8628BE2DBB44}"
EndProject
Project("{FAE04EC0-301F-11D3-BF4B-00C04F79EFBC}") = "XmlApiData", "Common\XmlApiData\XmlApiData.csproj", "{EECFD1C6-D0C6-4241-9B62-31D3AB47DC87}"
EndProject
Project("{FAE04EC0-301F-11D3-BF4B-00C04F79EFBC}") = "SortingLib", "Common\SortingLib\SortingLib.csproj", "{6FB6DF2C-51A4-4F87-B592-17173885D49E}"
EndProject
Project("{2150E333-8FDC-42A3-9474-1A3956D46DE8}") = "Desktop", "Desktop", "{AE9E976C-BB8A-4F8E-A866-7ECD4F97841E}"
EndProject
Project("{FAE04EC0-301F-11D3-BF4B-00C04F79EFBC}") = "XmlApiClient", "Desktop\XmlApiClient\XmlApiClient.csproj", "{8E3E9383-0C30-4170-9FA9-270D803DCBAF}"
EndProject
Project("{FAE04EC0-301F-11D3-BF4B-00C04F79EFBC}") = "Extensions", "Common\Extensions\Extensions.csproj", "{5D4B25C9-3F4D-4F4D-BE76-CCE4A4F052D3}"
EndProject
Project("{FAE04EC0-301F-11D3-BF4B-00C04F79EFBC}") = "Extension4", "Common\Extension4\Extension4.csproj", "{198AB466-1939-4142-B8F3-BD495F078E8B}"
EndProject
Project("{FAE04EC0-301F-11D3-BF4B-00C04F79EFBC}") = "Validate", "Desktop\Validate\Validate.csproj", "{548DE521-ECFE-44DC-9535-1B30711B5B13}"
EndProject
Project("{FAE04EC0-301F-11D3-BF4B-00C04F79EFBC}") = "SpeedData", "Desktop\SpeedData\SpeedData.csproj", "{EFF1511E-7746-406A-BCF9-439171EC2DCD}"
EndProject
Project("{FAE04EC0-301F-11D3-BF4B-00C04F79EFBC}") = "Crypto", "Common\Crypto\Crypto.csproj", "{9FBD4CA9-28A6-4D7B-BA4D-EB335645583B}"
EndProject
Project("{FAE04EC0-301F-11D3-BF4B-00C04F79EFBC}") = "ClimbingCompetition.Common", "Common\ClimbingCompetition.Common\ClimbingCompetition.Common.csproj", "{6EB0774E-0AD5-45CB-B6F4-D29155D4E899}"
EndProject
Project("{FAE04EC0-301F-11D3-BF4B-00C04F79EFBC}") = "ClimbingCompetition.Client", "Desktop\ClimbingCompetition.Client\ClimbingCompetition.Client.csproj", "{9B559011-3FC7-4FC8-8454-52AFDD6E99BF}"
EndProject
Project("{2150E333-8FDC-42A3-9474-1A3956D46DE8}") = "Web", "Web", "{D99AF0F7-D048-45EC-9C5D-34922F224D8C}"
EndProject
Project("{FAE04EC0-301F-11D3-BF4B-00C04F79EFBC}") = "DbAccessCore", "Web\DbAccessCore\DbAccessCore.csproj", "{3F8053A1-BF8E-4152-A6F5-544250FAD32E}"
EndProject
Project("{FAE04EC0-301F-11D3-BF4B-00C04F79EFBC}") = "ClimbingEntities", "Web\ClimbingEntities\ClimbingEntities.csproj", "{2BD6D3BB-72AF-4114-823A-3F2CB8E67CBB}"
EndProject
Project("{FAE04EC0-301F-11D3-BF4B-00C04F79EFBC}") = "WPF.Common", "Desktop\WPF.Common\WPF.Common.csproj", "{F12A4B6C-FEA9-4696-ABEA-77E5D89156CF}"
EndProject
Project("{FAE04EC0-301F-11D3-BF4B-00C04F79EFBC}") = "UserForms", "Desktop\UserForms\UserForms.csproj", "{D81A5019-F636-4980-B1E1-4AAA4DB8C5A4}"
EndProject
Project("{FAE04EC0-301F-11D3-BF4B-00C04F79EFBC}") = "ListShow", "Desktop\ListShow\ListShow.csproj", "{B811A9F1-EC7E-4C22-AD66-E17330DF8406}"
EndProject
Project("{2150E333-8FDC-42A3-9474-1A3956D46DE8}") = "_unused", "_unused", "{293A933A-B5F2-4A8A-99F6-B57BA6CCBA9A}"
EndProject
Project("{FAE04EC0-301F-11D3-BF4B-00C04F79EFBC}") = "WebClimbingCompetition", "Web\_unused\WebClimbingCompetition\WebClimbingCompetition.csproj", "{419295E7-87DA-4B0D-9998-7D888206D7FB}"
EndProject
Project("{FAE04EC0-301F-11D3-BF4B-00C04F79EFBC}") = "WebClimbing2", "Web\WebClimbing2\WebClimbing2.csproj", "{CA32F2C6-A09A-4FF5-B579-AF61D20F3319}"
EndProject
Project("{FAE04EC0-301F-11D3-BF4B-00C04F79EFBC}") = "WebClimbing", "Web\_unused\WebClimbing\WebClimbing.csproj", "{7A7A3978-9B67-4152-B379-658B9973F921}"
EndProject
Project("{2150E333-8FDC-42A3-9474-1A3956D46DE8}") = "_Exe", "_Exe", "{506FDBFF-FF00-41D3-BEE0-51D4C131C87D}"
EndProject
Project("{FAE04EC0-301F-11D3-BF4B-00C04F79EFBC}") = "BoulderTimer", "Desktop\_Exe\BoulderTimer\BoulderTimer.csproj", "{AC45F319-7AD7-4DDE-8F62-2044AF0EE969}"
EndProject
Project("{FAE04EC0-301F-11D3-BF4B-00C04F79EFBC}") = "ClimbingPresentation", "Desktop\_Exe\ClimbingPresentation\ClimbingPresentation.csproj", "{7E743AED-2E57-4F9F-BC06-996009D9C146}"
EndProject
Project("{FAE04EC0-301F-11D3-BF4B-00C04F79EFBC}") = "ClimbingCompetition", "Desktop\_Exe\ClimbingCompetition\ClimbingCompetition.csproj", "{939DF63C-A92C-4492-8CDB-CB5ADEFD2F89}"
EndProject
Project("{2150E333-8FDC-42A3-9474-1A3956D46DE8}") = "_License", "_License", "{DA64E8D3-66DD-421B-812A-D40D4950054C}"
	ProjectSection(SolutionItems) = preProject
		_License\LICENSE = _License\LICENSE
	EndProjectSection
EndProject
Project("{FAE04EC0-301F-11D3-BF4B-00C04F79EFBC}") = "CopyrightHeaderEditor", "_License\CopyrightHeaderEditor\CopyrightHeaderEditor.csproj", "{E54DE3BE-9F36-48EF-8BC9-171221FF80CF}"
EndProject
Project("{2150E333-8FDC-42A3-9474-1A3956D46DE8}") = "_Installer", "_Installer", "{61294EC7-93AC-4F46-B274-79BD6F3A46D9}"
EndProject
Project("{FAE04EC0-301F-11D3-BF4B-00C04F79EFBC}") = "Redirector", "Web\Redirector\Redirector.csproj", "{06954222-8C47-4315-AC87-C403CDE4BA49}"
EndProject
Global
	GlobalSection(SolutionConfigurationPlatforms) = preSolution
		Debug|Any CPU = Debug|Any CPU
		Debug|x86 = Debug|x86
		Release|Any CPU = Release|Any CPU
		Release|x86 = Release|x86
	EndGlobalSection
	GlobalSection(ProjectConfigurationPlatforms) = postSolution
		{EECFD1C6-D0C6-4241-9B62-31D3AB47DC87}.Debug|Any CPU.ActiveCfg = Debug|Any CPU
		{EECFD1C6-D0C6-4241-9B62-31D3AB47DC87}.Debug|Any CPU.Build.0 = Debug|Any CPU
		{EECFD1C6-D0C6-4241-9B62-31D3AB47DC87}.Debug|x86.ActiveCfg = Debug|Any CPU
		{EECFD1C6-D0C6-4241-9B62-31D3AB47DC87}.Debug|x86.Build.0 = Debug|Any CPU
		{EECFD1C6-D0C6-4241-9B62-31D3AB47DC87}.Release|Any CPU.ActiveCfg = Release|Any CPU
		{EECFD1C6-D0C6-4241-9B62-31D3AB47DC87}.Release|Any CPU.Build.0 = Release|Any CPU
		{EECFD1C6-D0C6-4241-9B62-31D3AB47DC87}.Release|x86.ActiveCfg = Release|Any CPU
		{EECFD1C6-D0C6-4241-9B62-31D3AB47DC87}.Release|x86.Build.0 = Release|Any CPU
		{6FB6DF2C-51A4-4F87-B592-17173885D49E}.Debug|Any CPU.ActiveCfg = Debug|Any CPU
		{6FB6DF2C-51A4-4F87-B592-17173885D49E}.Debug|Any CPU.Build.0 = Debug|Any CPU
		{6FB6DF2C-51A4-4F87-B592-17173885D49E}.Debug|x86.ActiveCfg = Debug|Any CPU
		{6FB6DF2C-51A4-4F87-B592-17173885D49E}.Debug|x86.Build.0 = Debug|Any CPU
		{6FB6DF2C-51A4-4F87-B592-17173885D49E}.Release|Any CPU.ActiveCfg = Release|Any CPU
		{6FB6DF2C-51A4-4F87-B592-17173885D49E}.Release|Any CPU.Build.0 = Release|Any CPU
		{6FB6DF2C-51A4-4F87-B592-17173885D49E}.Release|x86.ActiveCfg = Release|Any CPU
		{6FB6DF2C-51A4-4F87-B592-17173885D49E}.Release|x86.Build.0 = Release|Any CPU
		{8E3E9383-0C30-4170-9FA9-270D803DCBAF}.Debug|Any CPU.ActiveCfg = Debug|Any CPU
		{8E3E9383-0C30-4170-9FA9-270D803DCBAF}.Debug|Any CPU.Build.0 = Debug|Any CPU
		{8E3E9383-0C30-4170-9FA9-270D803DCBAF}.Debug|x86.ActiveCfg = Debug|Any CPU
		{8E3E9383-0C30-4170-9FA9-270D803DCBAF}.Debug|x86.Build.0 = Debug|Any CPU
		{8E3E9383-0C30-4170-9FA9-270D803DCBAF}.Release|Any CPU.ActiveCfg = Release|Any CPU
		{8E3E9383-0C30-4170-9FA9-270D803DCBAF}.Release|Any CPU.Build.0 = Release|Any CPU
		{8E3E9383-0C30-4170-9FA9-270D803DCBAF}.Release|x86.ActiveCfg = Release|Any CPU
		{8E3E9383-0C30-4170-9FA9-270D803DCBAF}.Release|x86.Build.0 = Release|Any CPU
		{5D4B25C9-3F4D-4F4D-BE76-CCE4A4F052D3}.Debug|Any CPU.ActiveCfg = Debug|Any CPU
		{5D4B25C9-3F4D-4F4D-BE76-CCE4A4F052D3}.Debug|Any CPU.Build.0 = Debug|Any CPU
		{5D4B25C9-3F4D-4F4D-BE76-CCE4A4F052D3}.Debug|x86.ActiveCfg = Debug|Any CPU
		{5D4B25C9-3F4D-4F4D-BE76-CCE4A4F052D3}.Debug|x86.Build.0 = Debug|Any CPU
		{5D4B25C9-3F4D-4F4D-BE76-CCE4A4F052D3}.Release|Any CPU.ActiveCfg = Release|Any CPU
		{5D4B25C9-3F4D-4F4D-BE76-CCE4A4F052D3}.Release|Any CPU.Build.0 = Release|Any CPU
		{5D4B25C9-3F4D-4F4D-BE76-CCE4A4F052D3}.Release|x86.ActiveCfg = Release|Any CPU
		{5D4B25C9-3F4D-4F4D-BE76-CCE4A4F052D3}.Release|x86.Build.0 = Release|Any CPU
		{198AB466-1939-4142-B8F3-BD495F078E8B}.Debug|Any CPU.ActiveCfg = Debug|Any CPU
		{198AB466-1939-4142-B8F3-BD495F078E8B}.Debug|Any CPU.Build.0 = Debug|Any CPU
		{198AB466-1939-4142-B8F3-BD495F078E8B}.Debug|x86.ActiveCfg = Debug|Any CPU
		{198AB466-1939-4142-B8F3-BD495F078E8B}.Debug|x86.Build.0 = Debug|Any CPU
		{198AB466-1939-4142-B8F3-BD495F078E8B}.Release|Any CPU.ActiveCfg = Release|Any CPU
		{198AB466-1939-4142-B8F3-BD495F078E8B}.Release|Any CPU.Build.0 = Release|Any CPU
		{198AB466-1939-4142-B8F3-BD495F078E8B}.Release|x86.ActiveCfg = Release|Any CPU
		{198AB466-1939-4142-B8F3-BD495F078E8B}.Release|x86.Build.0 = Release|Any CPU
		{548DE521-ECFE-44DC-9535-1B30711B5B13}.Debug|Any CPU.ActiveCfg = Debug|Any CPU
		{548DE521-ECFE-44DC-9535-1B30711B5B13}.Debug|Any CPU.Build.0 = Debug|Any CPU
		{548DE521-ECFE-44DC-9535-1B30711B5B13}.Debug|x86.ActiveCfg = Debug|Any CPU
		{548DE521-ECFE-44DC-9535-1B30711B5B13}.Debug|x86.Build.0 = Debug|Any CPU
		{548DE521-ECFE-44DC-9535-1B30711B5B13}.Release|Any CPU.ActiveCfg = Release|Any CPU
		{548DE521-ECFE-44DC-9535-1B30711B5B13}.Release|Any CPU.Build.0 = Release|Any CPU
		{548DE521-ECFE-44DC-9535-1B30711B5B13}.Release|x86.ActiveCfg = Release|Any CPU
		{548DE521-ECFE-44DC-9535-1B30711B5B13}.Release|x86.Build.0 = Release|Any CPU
		{EFF1511E-7746-406A-BCF9-439171EC2DCD}.Debug|Any CPU.ActiveCfg = Debug|Any CPU
		{EFF1511E-7746-406A-BCF9-439171EC2DCD}.Debug|Any CPU.Build.0 = Debug|Any CPU
		{EFF1511E-7746-406A-BCF9-439171EC2DCD}.Debug|x86.ActiveCfg = Debug|Any CPU
		{EFF1511E-7746-406A-BCF9-439171EC2DCD}.Debug|x86.Build.0 = Debug|Any CPU
		{EFF1511E-7746-406A-BCF9-439171EC2DCD}.Release|Any CPU.ActiveCfg = Release|Any CPU
		{EFF1511E-7746-406A-BCF9-439171EC2DCD}.Release|Any CPU.Build.0 = Release|Any CPU
		{EFF1511E-7746-406A-BCF9-439171EC2DCD}.Release|x86.ActiveCfg = Release|Any CPU
		{EFF1511E-7746-406A-BCF9-439171EC2DCD}.Release|x86.Build.0 = Release|Any CPU
		{9FBD4CA9-28A6-4D7B-BA4D-EB335645583B}.Debug|Any CPU.ActiveCfg = Debug|Any CPU
		{9FBD4CA9-28A6-4D7B-BA4D-EB335645583B}.Debug|Any CPU.Build.0 = Debug|Any CPU
		{9FBD4CA9-28A6-4D7B-BA4D-EB335645583B}.Debug|x86.ActiveCfg = Debug|Any CPU
		{9FBD4CA9-28A6-4D7B-BA4D-EB335645583B}.Debug|x86.Build.0 = Debug|Any CPU
		{9FBD4CA9-28A6-4D7B-BA4D-EB335645583B}.Release|Any CPU.ActiveCfg = Release|Any CPU
		{9FBD4CA9-28A6-4D7B-BA4D-EB335645583B}.Release|Any CPU.Build.0 = Release|Any CPU
		{9FBD4CA9-28A6-4D7B-BA4D-EB335645583B}.Release|x86.ActiveCfg = Release|Any CPU
		{9FBD4CA9-28A6-4D7B-BA4D-EB335645583B}.Release|x86.Build.0 = Release|Any CPU
		{6EB0774E-0AD5-45CB-B6F4-D29155D4E899}.Debug|Any CPU.ActiveCfg = Debug|Any CPU
		{6EB0774E-0AD5-45CB-B6F4-D29155D4E899}.Debug|Any CPU.Build.0 = Debug|Any CPU
		{6EB0774E-0AD5-45CB-B6F4-D29155D4E899}.Debug|x86.ActiveCfg = Debug|Any CPU
		{6EB0774E-0AD5-45CB-B6F4-D29155D4E899}.Debug|x86.Build.0 = Debug|Any CPU
		{6EB0774E-0AD5-45CB-B6F4-D29155D4E899}.Release|Any CPU.ActiveCfg = Release|Any CPU
		{6EB0774E-0AD5-45CB-B6F4-D29155D4E899}.Release|Any CPU.Build.0 = Release|Any CPU
		{6EB0774E-0AD5-45CB-B6F4-D29155D4E899}.Release|x86.ActiveCfg = Release|Any CPU
		{6EB0774E-0AD5-45CB-B6F4-D29155D4E899}.Release|x86.Build.0 = Release|Any CPU
		{9B559011-3FC7-4FC8-8454-52AFDD6E99BF}.Debug|Any CPU.ActiveCfg = Debug|Any CPU
		{9B559011-3FC7-4FC8-8454-52AFDD6E99BF}.Debug|Any CPU.Build.0 = Debug|Any CPU
		{9B559011-3FC7-4FC8-8454-52AFDD6E99BF}.Debug|x86.ActiveCfg = Debug|Any CPU
		{9B559011-3FC7-4FC8-8454-52AFDD6E99BF}.Debug|x86.Build.0 = Debug|Any CPU
		{9B559011-3FC7-4FC8-8454-52AFDD6E99BF}.Release|Any CPU.ActiveCfg = Release|Any CPU
		{9B559011-3FC7-4FC8-8454-52AFDD6E99BF}.Release|Any CPU.Build.0 = Release|Any CPU
		{9B559011-3FC7-4FC8-8454-52AFDD6E99BF}.Release|x86.ActiveCfg = Release|Any CPU
		{9B559011-3FC7-4FC8-8454-52AFDD6E99BF}.Release|x86.Build.0 = Release|Any CPU
		{3F8053A1-BF8E-4152-A6F5-544250FAD32E}.Debug|Any CPU.ActiveCfg = Debug|Any CPU
		{3F8053A1-BF8E-4152-A6F5-544250FAD32E}.Debug|Any CPU.Build.0 = Debug|Any CPU
		{3F8053A1-BF8E-4152-A6F5-544250FAD32E}.Debug|x86.ActiveCfg = Debug|Any CPU
		{3F8053A1-BF8E-4152-A6F5-544250FAD32E}.Debug|x86.Build.0 = Debug|Any CPU
		{3F8053A1-BF8E-4152-A6F5-544250FAD32E}.Release|Any CPU.ActiveCfg = Release|Any CPU
		{3F8053A1-BF8E-4152-A6F5-544250FAD32E}.Release|Any CPU.Build.0 = Release|Any CPU
		{3F8053A1-BF8E-4152-A6F5-544250FAD32E}.Release|x86.ActiveCfg = Release|Any CPU
		{3F8053A1-BF8E-4152-A6F5-544250FAD32E}.Release|x86.Build.0 = Release|Any CPU
		{2BD6D3BB-72AF-4114-823A-3F2CB8E67CBB}.Debug|Any CPU.ActiveCfg = Debug|Any CPU
		{2BD6D3BB-72AF-4114-823A-3F2CB8E67CBB}.Debug|Any CPU.Build.0 = Debug|Any CPU
		{2BD6D3BB-72AF-4114-823A-3F2CB8E67CBB}.Debug|x86.ActiveCfg = Debug|Any CPU
		{2BD6D3BB-72AF-4114-823A-3F2CB8E67CBB}.Debug|x86.Build.0 = Debug|Any CPU
		{2BD6D3BB-72AF-4114-823A-3F2CB8E67CBB}.Release|Any CPU.ActiveCfg = Release|Any CPU
		{2BD6D3BB-72AF-4114-823A-3F2CB8E67CBB}.Release|Any CPU.Build.0 = Release|Any CPU
		{2BD6D3BB-72AF-4114-823A-3F2CB8E67CBB}.Release|x86.ActiveCfg = Release|Any CPU
		{2BD6D3BB-72AF-4114-823A-3F2CB8E67CBB}.Release|x86.Build.0 = Release|Any CPU
		{F12A4B6C-FEA9-4696-ABEA-77E5D89156CF}.Debug|Any CPU.ActiveCfg = Debug|Any CPU
		{F12A4B6C-FEA9-4696-ABEA-77E5D89156CF}.Debug|Any CPU.Build.0 = Debug|Any CPU
		{F12A4B6C-FEA9-4696-ABEA-77E5D89156CF}.Debug|x86.ActiveCfg = Debug|Any CPU
		{F12A4B6C-FEA9-4696-ABEA-77E5D89156CF}.Debug|x86.Build.0 = Debug|Any CPU
		{F12A4B6C-FEA9-4696-ABEA-77E5D89156CF}.Release|Any CPU.ActiveCfg = Release|Any CPU
		{F12A4B6C-FEA9-4696-ABEA-77E5D89156CF}.Release|Any CPU.Build.0 = Release|Any CPU
		{F12A4B6C-FEA9-4696-ABEA-77E5D89156CF}.Release|x86.ActiveCfg = Release|Any CPU
		{F12A4B6C-FEA9-4696-ABEA-77E5D89156CF}.Release|x86.Build.0 = Release|Any CPU
		{D81A5019-F636-4980-B1E1-4AAA4DB8C5A4}.Debug|Any CPU.ActiveCfg = Debug|Any CPU
		{D81A5019-F636-4980-B1E1-4AAA4DB8C5A4}.Debug|Any CPU.Build.0 = Debug|Any CPU
		{D81A5019-F636-4980-B1E1-4AAA4DB8C5A4}.Debug|x86.ActiveCfg = Debug|Any CPU
		{D81A5019-F636-4980-B1E1-4AAA4DB8C5A4}.Debug|x86.Build.0 = Debug|Any CPU
		{D81A5019-F636-4980-B1E1-4AAA4DB8C5A4}.Release|Any CPU.ActiveCfg = Release|Any CPU
		{D81A5019-F636-4980-B1E1-4AAA4DB8C5A4}.Release|Any CPU.Build.0 = Release|Any CPU
		{D81A5019-F636-4980-B1E1-4AAA4DB8C5A4}.Release|x86.ActiveCfg = Release|Any CPU
		{D81A5019-F636-4980-B1E1-4AAA4DB8C5A4}.Release|x86.Build.0 = Release|Any CPU
		{B811A9F1-EC7E-4C22-AD66-E17330DF8406}.Debug|Any CPU.ActiveCfg = Debug|Any CPU
		{B811A9F1-EC7E-4C22-AD66-E17330DF8406}.Debug|Any CPU.Build.0 = Debug|Any CPU
		{B811A9F1-EC7E-4C22-AD66-E17330DF8406}.Debug|x86.ActiveCfg = Debug|Any CPU
		{B811A9F1-EC7E-4C22-AD66-E17330DF8406}.Debug|x86.Build.0 = Debug|Any CPU
		{B811A9F1-EC7E-4C22-AD66-E17330DF8406}.Release|Any CPU.ActiveCfg = Release|Any CPU
		{B811A9F1-EC7E-4C22-AD66-E17330DF8406}.Release|Any CPU.Build.0 = Release|Any CPU
		{B811A9F1-EC7E-4C22-AD66-E17330DF8406}.Release|x86.ActiveCfg = Release|Any CPU
		{B811A9F1-EC7E-4C22-AD66-E17330DF8406}.Release|x86.Build.0 = Release|Any CPU
		{419295E7-87DA-4B0D-9998-7D888206D7FB}.Debug|Any CPU.ActiveCfg = Debug|Any CPU
		{419295E7-87DA-4B0D-9998-7D888206D7FB}.Debug|x86.ActiveCfg = Debug|Any CPU
		{419295E7-87DA-4B0D-9998-7D888206D7FB}.Debug|x86.Build.0 = Debug|Any CPU
		{419295E7-87DA-4B0D-9998-7D888206D7FB}.Release|Any CPU.ActiveCfg = Release|Any CPU
		{419295E7-87DA-4B0D-9998-7D888206D7FB}.Release|x86.ActiveCfg = Release|Any CPU
		{419295E7-87DA-4B0D-9998-7D888206D7FB}.Release|x86.Build.0 = Release|Any CPU
		{CA32F2C6-A09A-4FF5-B579-AF61D20F3319}.Debug|Any CPU.ActiveCfg = Debug|Any CPU
		{CA32F2C6-A09A-4FF5-B579-AF61D20F3319}.Debug|Any CPU.Build.0 = Debug|Any CPU
		{CA32F2C6-A09A-4FF5-B579-AF61D20F3319}.Debug|x86.ActiveCfg = Debug|Any CPU
		{CA32F2C6-A09A-4FF5-B579-AF61D20F3319}.Debug|x86.Build.0 = Debug|Any CPU
		{CA32F2C6-A09A-4FF5-B579-AF61D20F3319}.Release|Any CPU.ActiveCfg = Release|Any CPU
		{CA32F2C6-A09A-4FF5-B579-AF61D20F3319}.Release|Any CPU.Build.0 = Release|Any CPU
		{CA32F2C6-A09A-4FF5-B579-AF61D20F3319}.Release|x86.ActiveCfg = Release|Any CPU
		{CA32F2C6-A09A-4FF5-B579-AF61D20F3319}.Release|x86.Build.0 = Release|Any CPU
		{7A7A3978-9B67-4152-B379-658B9973F921}.Debug|Any CPU.ActiveCfg = Debug|Any CPU
		{7A7A3978-9B67-4152-B379-658B9973F921}.Debug|x86.ActiveCfg = Debug|Any CPU
		{7A7A3978-9B67-4152-B379-658B9973F921}.Debug|x86.Build.0 = Debug|Any CPU
		{7A7A3978-9B67-4152-B379-658B9973F921}.Release|Any CPU.ActiveCfg = Release|Any CPU
		{7A7A3978-9B67-4152-B379-658B9973F921}.Release|x86.ActiveCfg = Release|Any CPU
		{7A7A3978-9B67-4152-B379-658B9973F921}.Release|x86.Build.0 = Release|Any CPU
		{AC45F319-7AD7-4DDE-8F62-2044AF0EE969}.Debug|Any CPU.ActiveCfg = Debug|Any CPU
		{AC45F319-7AD7-4DDE-8F62-2044AF0EE969}.Debug|Any CPU.Build.0 = Debug|Any CPU
		{AC45F319-7AD7-4DDE-8F62-2044AF0EE969}.Debug|x86.ActiveCfg = Debug|Any CPU
		{AC45F319-7AD7-4DDE-8F62-2044AF0EE969}.Debug|x86.Build.0 = Debug|Any CPU
		{AC45F319-7AD7-4DDE-8F62-2044AF0EE969}.Release|Any CPU.ActiveCfg = Release|Any CPU
		{AC45F319-7AD7-4DDE-8F62-2044AF0EE969}.Release|Any CPU.Build.0 = Release|Any CPU
		{AC45F319-7AD7-4DDE-8F62-2044AF0EE969}.Release|x86.ActiveCfg = Release|Any CPU
		{AC45F319-7AD7-4DDE-8F62-2044AF0EE969}.Release|x86.Build.0 = Release|Any CPU
		{7E743AED-2E57-4F9F-BC06-996009D9C146}.Debug|Any CPU.ActiveCfg = Debug|Any CPU
		{7E743AED-2E57-4F9F-BC06-996009D9C146}.Debug|Any CPU.Build.0 = Debug|Any CPU
		{7E743AED-2E57-4F9F-BC06-996009D9C146}.Debug|x86.ActiveCfg = Debug|Any CPU
		{7E743AED-2E57-4F9F-BC06-996009D9C146}.Debug|x86.Build.0 = Debug|Any CPU
		{7E743AED-2E57-4F9F-BC06-996009D9C146}.Release|Any CPU.ActiveCfg = Release|Any CPU
		{7E743AED-2E57-4F9F-BC06-996009D9C146}.Release|Any CPU.Build.0 = Release|Any CPU
		{7E743AED-2E57-4F9F-BC06-996009D9C146}.Release|x86.ActiveCfg = Release|Any CPU
		{7E743AED-2E57-4F9F-BC06-996009D9C146}.Release|x86.Build.0 = Release|Any CPU
		{939DF63C-A92C-4492-8CDB-CB5ADEFD2F89}.Debug|Any CPU.ActiveCfg = Debug|Any CPU
		{939DF63C-A92C-4492-8CDB-CB5ADEFD2F89}.Debug|Any CPU.Build.0 = Debug|Any CPU
		{939DF63C-A92C-4492-8CDB-CB5ADEFD2F89}.Debug|x86.ActiveCfg = Debug|Any CPU
		{939DF63C-A92C-4492-8CDB-CB5ADEFD2F89}.Debug|x86.Build.0 = Debug|Any CPU
		{939DF63C-A92C-4492-8CDB-CB5ADEFD2F89}.Release|Any CPU.ActiveCfg = Release|Any CPU
		{939DF63C-A92C-4492-8CDB-CB5ADEFD2F89}.Release|Any CPU.Build.0 = Release|Any CPU
		{939DF63C-A92C-4492-8CDB-CB5ADEFD2F89}.Release|x86.ActiveCfg = Release|Any CPU
		{939DF63C-A92C-4492-8CDB-CB5ADEFD2F89}.Release|x86.Build.0 = Release|Any CPU
		{E54DE3BE-9F36-48EF-8BC9-171221FF80CF}.Debug|Any CPU.ActiveCfg = Debug|Any CPU
		{E54DE3BE-9F36-48EF-8BC9-171221FF80CF}.Debug|Any CPU.Build.0 = Debug|Any CPU
		{E54DE3BE-9F36-48EF-8BC9-171221FF80CF}.Debug|x86.ActiveCfg = Debug|Any CPU
		{E54DE3BE-9F36-48EF-8BC9-171221FF80CF}.Debug|x86.Build.0 = Debug|Any CPU
		{E54DE3BE-9F36-48EF-8BC9-171221FF80CF}.Release|Any CPU.ActiveCfg = Release|Any CPU
		{E54DE3BE-9F36-48EF-8BC9-171221FF80CF}.Release|Any CPU.Build.0 = Release|Any CPU
		{E54DE3BE-9F36-48EF-8BC9-171221FF80CF}.Release|x86.ActiveCfg = Release|Any CPU
		{E54DE3BE-9F36-48EF-8BC9-171221FF80CF}.Release|x86.Build.0 = Release|Any CPU
		{06954222-8C47-4315-AC87-C403CDE4BA49}.Debug|Any CPU.ActiveCfg = Debug|Any CPU
		{06954222-8C47-4315-AC87-C403CDE4BA49}.Debug|Any CPU.Build.0 = Debug|Any CPU
		{06954222-8C47-4315-AC87-C403CDE4BA49}.Debug|x86.ActiveCfg = Debug|Any CPU
		{06954222-8C47-4315-AC87-C403CDE4BA49}.Debug|x86.Build.0 = Debug|Any CPU
		{06954222-8C47-4315-AC87-C403CDE4BA49}.Release|Any CPU.ActiveCfg = Release|Any CPU
		{06954222-8C47-4315-AC87-C403CDE4BA49}.Release|Any CPU.Build.0 = Release|Any CPU
		{06954222-8C47-4315-AC87-C403CDE4BA49}.Release|x86.ActiveCfg = Release|Any CPU
		{06954222-8C47-4315-AC87-C403CDE4BA49}.Release|x86.Build.0 = Release|Any CPU
	EndGlobalSection
	GlobalSection(SolutionProperties) = preSolution
		HideSolutionNode = FALSE
	EndGlobalSection
	GlobalSection(NestedProjects) = preSolution
		{EECFD1C6-D0C6-4241-9B62-31D3AB47DC87} = {CF046A1A-2698-4A4E-B47D-8628BE2DBB44}
		{6FB6DF2C-51A4-4F87-B592-17173885D49E} = {CF046A1A-2698-4A4E-B47D-8628BE2DBB44}
		{8E3E9383-0C30-4170-9FA9-270D803DCBAF} = {AE9E976C-BB8A-4F8E-A866-7ECD4F97841E}
		{5D4B25C9-3F4D-4F4D-BE76-CCE4A4F052D3} = {CF046A1A-2698-4A4E-B47D-8628BE2DBB44}
		{198AB466-1939-4142-B8F3-BD495F078E8B} = {CF046A1A-2698-4A4E-B47D-8628BE2DBB44}
		{548DE521-ECFE-44DC-9535-1B30711B5B13} = {AE9E976C-BB8A-4F8E-A866-7ECD4F97841E}
		{EFF1511E-7746-406A-BCF9-439171EC2DCD} = {AE9E976C-BB8A-4F8E-A866-7ECD4F97841E}
		{9FBD4CA9-28A6-4D7B-BA4D-EB335645583B} = {CF046A1A-2698-4A4E-B47D-8628BE2DBB44}
		{6EB0774E-0AD5-45CB-B6F4-D29155D4E899} = {CF046A1A-2698-4A4E-B47D-8628BE2DBB44}
		{9B559011-3FC7-4FC8-8454-52AFDD6E99BF} = {AE9E976C-BB8A-4F8E-A866-7ECD4F97841E}
		{3F8053A1-BF8E-4152-A6F5-544250FAD32E} = {D99AF0F7-D048-45EC-9C5D-34922F224D8C}
		{2BD6D3BB-72AF-4114-823A-3F2CB8E67CBB} = {D99AF0F7-D048-45EC-9C5D-34922F224D8C}
		{F12A4B6C-FEA9-4696-ABEA-77E5D89156CF} = {AE9E976C-BB8A-4F8E-A866-7ECD4F97841E}
		{D81A5019-F636-4980-B1E1-4AAA4DB8C5A4} = {AE9E976C-BB8A-4F8E-A866-7ECD4F97841E}
		{B811A9F1-EC7E-4C22-AD66-E17330DF8406} = {AE9E976C-BB8A-4F8E-A866-7ECD4F97841E}
		{293A933A-B5F2-4A8A-99F6-B57BA6CCBA9A} = {D99AF0F7-D048-45EC-9C5D-34922F224D8C}
		{419295E7-87DA-4B0D-9998-7D888206D7FB} = {293A933A-B5F2-4A8A-99F6-B57BA6CCBA9A}
		{CA32F2C6-A09A-4FF5-B579-AF61D20F3319} = {D99AF0F7-D048-45EC-9C5D-34922F224D8C}
		{7A7A3978-9B67-4152-B379-658B9973F921} = {293A933A-B5F2-4A8A-99F6-B57BA6CCBA9A}
		{506FDBFF-FF00-41D3-BEE0-51D4C131C87D} = {AE9E976C-BB8A-4F8E-A866-7ECD4F97841E}
		{AC45F319-7AD7-4DDE-8F62-2044AF0EE969} = {506FDBFF-FF00-41D3-BEE0-51D4C131C87D}
		{7E743AED-2E57-4F9F-BC06-996009D9C146} = {506FDBFF-FF00-41D3-BEE0-51D4C131C87D}
		{939DF63C-A92C-4492-8CDB-CB5ADEFD2F89} = {506FDBFF-FF00-41D3-BEE0-51D4C131C87D}
		{E54DE3BE-9F36-48EF-8BC9-171221FF80CF} = {DA64E8D3-66DD-421B-812A-D40D4950054C}
		{61294EC7-93AC-4F46-B274-79BD6F3A46D9} = {AE9E976C-BB8A-4F8E-A866-7ECD4F97841E}
		{06954222-8C47-4315-AC87-C403CDE4BA49} = {D99AF0F7-D048-45EC-9C5D-34922F224D8C}
	EndGlobalSection
EndGlobal
